
Microsoft Visual Studio Solution File, Format Version 12.00
# Visual Studio Version 16
VisualStudioVersion = 16.0.31729.503
MinimumVisualStudioVersion = 10.0.40219.1
Project("{FAE04EC0-301F-11D3-BF4B-00C04F79EFBC}") = "jenkinstest", "jenkinstest.csproj", "{DE6395C3-0BF4-46D6-9719-4E9AAAED36E4}"
EndProject
Global
	GlobalSection(SolutionConfigurationPlatforms) = preSolution
		Debug|Any CPU = Debug|Any CPU
		Release|Any CPU = Release|Any CPU
	EndGlobalSection
	GlobalSection(ProjectConfigurationPlatforms) = postSolution
		{DE6395C3-0BF4-46D6-9719-4E9AAAED36E4}.Debug|Any CPU.ActiveCfg = Debug|Any CPU
		{DE6395C3-0BF4-46D6-9719-4E9AAAED36E4}.Debug|Any CPU.Build.0 = Debug|Any CPU
		{DE6395C3-0BF4-46D6-9719-4E9AAAED36E4}.Release|Any CPU.ActiveCfg = Release|Any CPU
		{DE6395C3-0BF4-46D6-9719-4E9AAAED36E4}.Release|Any CPU.Build.0 = Release|Any CPU
	EndGlobalSection
	GlobalSection(SolutionProperties) = preSolution
		HideSolutionNode = FALSE
	EndGlobalSection
	GlobalSection(ExtensibilityGlobals) = postSolution
		SolutionGuid = {DB8DC183-09F2-4337-9EC1-DFB8AC40CAFE}
	EndGlobalSection
EndGlobal
